{
  "version": 1,
  "dependencies": {
    "net10.0-windows10.0.26100": {
      "FFmpegInteropX": {
        "type": "Direct",
        "requested": "[2.1.0.81200, )",
        "resolved": "2.1.0.81200",
        "contentHash": "cyu9aI+EPEfjCJ3UHBOcd+IhjUaYXvXuVZ28BY3KnC3+5pf+5Ell79QI1cubw/bbPhjgO3hewLSnrqbUIHcmgA==",
        "dependencies": {
          "FFmpegInteropX.Desktop.FFmpeg": "8.1.2",
          "FFmpegInteropX.Desktop.Lib": "2.1.0"
        }
      },
      "Microsoft.Graphics.Win2D": {
        "type": "Direct",
        "requested": "[1.4.0, )",
        "resolved": "1.4.0",
        "contentHash": "/04yyf3xEOxeBK+SXxGB6OYLjXBVuujcLQF04mREcRcBT59IMI+oDbXOZZG2c/mJL8kKFC8r3wqz6MyA6IP3oA==",
        "dependencies": {
          "Microsoft.WindowsAppSDK.WinUI": "1.8.260204000"
        }
      },
      "Microsoft.NET.ILLink.Tasks": {
        "type": "Direct",
        "requested": "[10.0.12, )",
        "resolved": "10.0.12",
        "contentHash": "xi+BDjFpW+Sb+MHFHaH6Y/gV9I8BluFwRXc1QyCdoZbIK26eNiBeFuMTe/FMwc33G1wdHCyDg7CVTmb8OdQrMQ=="
      },
      "Microsoft.Windows.CsWinRT": {
        "type": "Direct",
        "requested": "[2.3.1, )",
        "resolved": "2.3.1",
        "contentHash": "ojoYrj8m8mAx6LVxofQXgfvsReDTv2LQFeDgXt5Lw99r5fv7dCR19ybd1JN0OueaWvL+BNqv0E7zZCgqptP9zA=="
      },
      "Microsoft.Windows.SDK.BuildTools": {
        "type": "Direct",
        "requested": "[10.0.28000.2705, )",
        "resolved": "10.0.28000.2705",
        "contentHash": "TZQ96xtu7+fyFsyJCgj6Hazru0H8G1kiE1CeZLGpsqT4xKQmkxWu9yRuxYLeHJECjqEHN7duZUTcdbt8zlQ8OQ=="
      },
      "Microsoft.WindowsAppSDK": {
        "type": "Direct",
        "requested": "[2.5.4-experimental, )",
        "resolved": "2.5.4-experimental",
        "contentHash": "3Ly0B/jLyITQQ5teBYxc1FMdaTIJc41dsq9Zk0A6zPPuzBByciqlyylwQAxkhUe99cUI7jxuBiv2IPVI5MmpVQ==",
        "dependencies": {
          "Microsoft.WindowsAppSDK.AI": "2.5.4-experimental",
          "Microsoft.WindowsAppSDK.Base": "2.0.5-experimental2",
          "Microsoft.WindowsAppSDK.DWrite": "2.1.1-experimental",
          "Microsoft.WindowsAppSDK.Foundation": "2.3.13-experimental",
          "Microsoft.WindowsAppSDK.InteractiveExperiences": "2.1.10-experimental",
          "Microsoft.WindowsAppSDK.ML": "2.3.5-experimental",
          "Microsoft.WindowsAppSDK.Runtime": "[2.5.4-experimental]",
          "Microsoft.WindowsAppSDK.Search": "2.5.4-experimental",
          "Microsoft.WindowsAppSDK.Widgets": "2.0.6-experimental",
          "Microsoft.WindowsAppSDK.WinUI": "2.3.10-experimental"
        }
      },
      "FFmpegInteropX.Desktop.FFmpeg": {
        "type": "Transitive",
        "resolved": "8.1.2",
        "contentHash": "NZ3oT7/9SKkoHB7AfgprBTA22GlidyNj9Vz21+MF25QAUkDq65YUQYUzC3ZPHL51DwsS+Fmf8nQhN2aOKSwqAg=="
      },
      "FFmpegInteropX.Desktop.Lib": {
        "type": "Transitive",
        "resolved": "2.1.0",
        "contentHash": "QOvqv6RbyMTXoqY/3ugrLpnW7KeMB2/s10edJnoCerrpFiXhD1+YaRQbsD5yvxwHBOBxA4Cg0CXkz0xeUPCb3A==",
        "dependencies": {
          "Microsoft.Windows.CsWinRT": "2.2.0"
        }
      },
      "Microsoft.Extensions.DependencyInjection": {
        "type": "Transitive",
        "resolved": "10.0.12",
        "contentHash": "lXyK2O5GoYvfxW8eCFcD16JFbcoSTM1sJkAM0UHS1jZyl9NYMW64Tqm6OQFT0IDBjZi+xHt95/Zg+nxZhGFhZg==",
        "dependencies": {
          "Microsoft.Extensions.DependencyInjection.Abstractions": "10.0.12"
        }
      },
      "Microsoft.Extensions.DependencyInjection.Abstractions": {
        "type": "Transitive",
        "resolved": "10.0.12",
        "contentHash": "9/qymSh7hVDMGTGwrLz8MRp5zRyXy9adGDOs4HwRdnLil3oZGYuWeZjbmHgCQ9BL1qBroVfgUK3U/nb61617Cw=="
      },
      "Microsoft.Extensions.Logging": {
        "type": "Transitive",
        "resolved": "10.0.12",
        "contentHash": "6I46fTPfgYkrjRYfRXbho9WOvOelTnNjWuZws/hzGHDASH1LEJeA4VKK9k3wJvido8o7jJSB5WkMTonX7HM1bA==",
        "dependencies": {
          "Microsoft.Extensions.DependencyInjection": "10.0.12",
          "Microsoft.Extensions.Logging.Abstractions": "10.0.12",
          "Microsoft.Extensions.Options": "10.0.12"
        }
      },
      "Microsoft.Extensions.Logging.Abstractions": {
        "type": "Transitive",
        "resolved": "10.0.12",
        "contentHash": "+24lC4plfbEDNfLAdTV/SWKS7dW+16X4HdydO3R++134kSNTzcbYA4KpR1Hdh6uWisB8Za3AzwyOn+K+NxWIug==",
        "dependencies": {
          "Microsoft.Extensions.DependencyInjection.Abstractions": "10.0.12"
        }
      },
      "Microsoft.Extensions.Options": {
        "type": "Transitive",
        "resolved": "10.0.12",
        "contentHash": "TDYD33TSRpXKZWlmTXNlj5kCihxatmv2Ec1u6C+bMYLphCS7PoSLE9Pjd/nunDoE7yETk+LLKjVJX78HYtWjpA==",
        "dependencies": {
          "Microsoft.Extensions.DependencyInjection.Abstractions": "10.0.12",
          "Microsoft.Extensions.Primitives": "10.0.12"
        }
      },
      "Microsoft.Extensions.Primitives": {
        "type": "Transitive",
        "resolved": "10.0.12",
        "contentHash": "dYfCLR52UA+3DL7C4I/pvSaRPkNqxrUAQmbFL2u0zvYKKzqgrFCJl08Df+F1aYc8leu9JvpC9bsURUdpExcBXQ=="
      },
      "Microsoft.Web.WebView2": {
        "type": "Transitive",
        "resolved": "1.0.3719.77",
        "contentHash": "t+ucyKw5NTwMjsUrDF6R9Lk40lpcKQD1/HgyGFxl49tdA4h9dKlsj6FYGEmDRpFNfnTpENuTypMcdbrlkqBdDA=="
      },
      "Microsoft.Windows.AI.MachineLearning": {
        "type": "Transitive",
        "resolved": "2.6.74-rc",
        "contentHash": "k4wJCs6X4bH7tjUu4OR/FFs198IjtSfhy7MUlRcjnIytbxi5R2rS/UEmv/d2n3az838W3VEB6xbZc/7eGIJbNg==",
        "dependencies": {
          "System.Numerics.Tensors": "9.0.0"
        }
      },
      "Microsoft.Windows.SDK.BuildTools.MSIX": {
        "type": "Transitive",
        "resolved": "1.7.251221100",
        "contentHash": "f4aIZJ0NUth2403oxrpR+9rxVzZVI6dabqB21u8ncnk8eJAKCs9m77E4iYAnvP1YwrRe4axz3f8+yUcttNSfEA=="
      },
      "Microsoft.WindowsAppSDK.AI": {
        "type": "Transitive",
        "resolved": "2.5.4-experimental",
        "contentHash": "08IYJFwrDWvIyG3W4vItLNbodu/FNVT1iuHS+p4l3WPGQ3ISE/t0pKQ10k4eaa6T2FF4UjqITOrcmStjcvQQ8g==",
        "dependencies": {
          "Microsoft.WindowsAppSDK.Base": "2.0.5-experimental2",
          "Microsoft.WindowsAppSDK.Foundation": "2.3.13-experimental"
        }
      },
      "Microsoft.WindowsAppSDK.Base": {
        "type": "Transitive",
        "resolved": "2.0.5-experimental2",
        "contentHash": "1ZLLuK+S830P9U55xbDLiRUHlGD4r2kMtI34A6jJ9OF7pBzkqpBkfsVwGWare6BJ1616VNutez86sJtzFFGwng==",
        "dependencies": {
          "Microsoft.Windows.SDK.BuildTools": "10.0.26100.4654",
          "Microsoft.Windows.SDK.BuildTools.MSIX": "1.7.251221100"
        }
      },
      "Microsoft.WindowsAppSDK.DWrite": {
        "type": "Transitive",
        "resolved": "2.1.1-experimental",
        "contentHash": "Ctnt+XC61o5iURsedqFoU9Jyur/Ecf6WZNj8d5cNJo7XDNQevQCGw8flikfO9kqsHUnZSTEq83OgcAC3exoh2Q==",
        "dependencies": {
          "Microsoft.WindowsAppSDK.Base": "2.0.5-experimental2"
        }
      },
      "Microsoft.WindowsAppSDK.Foundation": {
        "type": "Transitive",
        "resolved": "2.3.13-experimental",
        "contentHash": "ZaWMWS/Hu/jviuXmCcGtVlM6aqDTsDcrHSr2w/WHHl6MGTWNQJQiFjbfypZBf7UUSGiLuMeoC3hz9AjhpmVIhw==",
        "dependencies": {
          "Microsoft.WindowsAppSDK.Base": "2.0.5-experimental2",
          "Microsoft.WindowsAppSDK.InteractiveExperiences": "2.1.10-experimental"
        }
      },
      "Microsoft.WindowsAppSDK.InteractiveExperiences": {
        "type": "Transitive",
        "resolved": "2.1.10-experimental",
        "contentHash": "1Tl6/KoF8FF/yuV3Q0Z2jujf3w7GiUMsoDCPGPxfHUxm8KZ1gi1BeL2R58FiZPpKJL98TpOmZ6hcyDWGGpOp7g==",
        "dependencies": {
          "Microsoft.WindowsAppSDK.Base": "2.0.3-experimental1"
        }
      },
      "Microsoft.WindowsAppSDK.ML": {
        "type": "Transitive",
        "resolved": "2.3.5-experimental",
        "contentHash": "y9sib8Z0y/FvbK7EFACDzFT1lwoSj9ZIzA0jIRb39oV7vvWXtz/foPwcrCyj3HHQ9ng3cFw262MfvtHDJy9t2A==",
        "dependencies": {
          "Microsoft.Windows.AI.MachineLearning": "[2.6.74-rc, 3.0.0)",
          "Microsoft.WindowsAppSDK.Base": "2.0.5-experimental2",
          "Microsoft.WindowsAppSDK.Foundation": "2.3.7-experimental"
        }
      },
      "Microsoft.WindowsAppSDK.Runtime": {
        "type": "Transitive",
        "resolved": "2.5.4-experimental",
        "contentHash": "nATQbQH8okZCiYAMjORDffJuWS6Bmk52Wkan2+2b6n3AGJOUmheF66ycZHKvUECL921o+DeBayvCfiAhVtROTw==",
        "dependencies": {
          "Microsoft.WindowsAppSDK.Base": "2.0.5-experimental2"
        }
      },
      "Microsoft.WindowsAppSDK.Search": {
        "type": "Transitive",
        "resolved": "2.5.4-experimental",
        "contentHash": "IorrZRB07vmiNlFYM4WAT+MmqyQ8FvykIXD26lCVvohqd7YsgOiTB3zdL8Ge4Y/Yjuac2Ro5revAND8W/6Uz2A==",
        "dependencies": {
          "Microsoft.WindowsAppSDK.AI": "[2.5.4-experimental]",
          "Microsoft.WindowsAppSDK.Base": "2.0.5-experimental2",
          "Microsoft.WindowsAppSDK.Foundation": "2.3.13-experimental"
        }
      },
      "Microsoft.WindowsAppSDK.Widgets": {
        "type": "Transitive",
        "resolved": "2.0.6-experimental",
        "contentHash": "YtM+o6qH8KVwI7QjnpaOX8HQeKd4xIBYl+a2PsgypPN2OphyWu/agB5DXqHAc0edn/cSHnqU4tIJMNw1nzoFrA==",
        "dependencies": {
          "Microsoft.WindowsAppSDK.Base": "2.0.3"
        }
      },
      "Microsoft.WindowsAppSDK.WinUI": {
        "type": "Transitive",
        "resolved": "2.3.10-experimental",
        "contentHash": "jKCFucc2LIiUBTtzaaFij6DpluXgvGAcoTBJR78fjI5dqyTJj79M8/4D2Nj7uLCgmjM1mbYpB/thYpjw0v4hlw==",
        "dependencies": {
          "Microsoft.Web.WebView2": "1.0.3719.77",
          "Microsoft.WindowsAppSDK.Base": "2.0.5-experimental2",
          "Microsoft.WindowsAppSDK.Foundation": "2.3.13-experimental",
          "Microsoft.WindowsAppSDK.InteractiveExperiences": "2.1.10-experimental"
        }
      },
      "System.Numerics.Tensors": {
        "type": "Transitive",
        "resolved": "9.0.0",
        "contentHash": "hyJB4UlpAi19Xr9AXzu2NuagKC4lPfHObNMEAA0HmqFz2rX7wKgzeYzO/jM/eBHDhnUGFFEjk5cOoJaxqg5J4A=="
      },
      "hi3helper.win32": {
        "type": "Project",
        "dependencies": {
          "Microsoft.Extensions.Logging.Abstractions": "[10.0.12, )"
        }
      },
      "hi3helper.win32.winrt": {
        "type": "Project",
        "dependencies": {
          "Hi3Helper.Win32": "[1.0.0, )",
          "Microsoft.Extensions.Logging.Abstractions": "[10.0.12, )",
          "Microsoft.Windows.CsWinRT": "[2.3.1, )"
        }
      },
      "utility": {
        "type": "Project",
        "dependencies": {
          "Microsoft.Extensions.Logging": "[10.0.12, )"
        }
      }
    },
    "net10.0-windows10.0.26100/win-x64": {
      "Microsoft.Graphics.Win2D": {
        "type": "Direct",
        "requested": "[1.4.0, )",
        "resolved": "1.4.0",
        "contentHash": "/04yyf3xEOxeBK+SXxGB6OYLjXBVuujcLQF04mREcRcBT59IMI+oDbXOZZG2c/mJL8kKFC8r3wqz6MyA6IP3oA==",
        "dependencies": {
          "Microsoft.WindowsAppSDK.WinUI": "1.8.260204000"
        }
      },
      "FFmpegInteropX.Desktop.FFmpeg": {
        "type": "Transitive",
        "resolved": "8.1.2",
        "contentHash": "NZ3oT7/9SKkoHB7AfgprBTA22GlidyNj9Vz21+MF25QAUkDq65YUQYUzC3ZPHL51DwsS+Fmf8nQhN2aOKSwqAg=="
      },
      "FFmpegInteropX.Desktop.Lib": {
        "type": "Transitive",
        "resolved": "2.1.0",
        "contentHash": "QOvqv6RbyMTXoqY/3ugrLpnW7KeMB2/s10edJnoCerrpFiXhD1+YaRQbsD5yvxwHBOBxA4Cg0CXkz0xeUPCb3A==",
        "dependencies": {
          "Microsoft.Windows.CsWinRT": "2.2.0"
        }
      },
      "Microsoft.Web.WebView2": {
        "type": "Transitive",
        "resolved": "1.0.3719.77",
        "contentHash": "t+ucyKw5NTwMjsUrDF6R9Lk40lpcKQD1/HgyGFxl49tdA4h9dKlsj6FYGEmDRpFNfnTpENuTypMcdbrlkqBdDA=="
      },
      "Microsoft.Windows.AI.MachineLearning": {
        "type": "Transitive",
        "resolved": "2.6.74-rc",
        "contentHash": "k4wJCs6X4bH7tjUu4OR/FFs198IjtSfhy7MUlRcjnIytbxi5R2rS/UEmv/d2n3az838W3VEB6xbZc/7eGIJbNg==",
        "dependencies": {
          "System.Numerics.Tensors": "9.0.0"
        }
      },
      "Microsoft.WindowsAppSDK.Foundation": {
        "type": "Transitive",
        "resolved": "2.3.13-experimental",
        "contentHash": "ZaWMWS/Hu/jviuXmCcGtVlM6aqDTsDcrHSr2w/WHHl6MGTWNQJQiFjbfypZBf7UUSGiLuMeoC3hz9AjhpmVIhw==",
        "dependencies": {
          "Microsoft.WindowsAppSDK.Base": "2.0.5-experimental2",
          "Microsoft.WindowsAppSDK.InteractiveExperiences": "2.1.10-experimental"
        }
      }
    }
  }
}